version = 1
revision = 3
requires-python = ">=3.9"

[[package]]
name = "bottle"
version = "0.13.4"
source = { registry = "https://pypi.org/simple" }
sdist = { url = "https://files.pythonhosted.org/packages/7a/71/cca6167c06d00c81375fd668719df245864076d284f7cb46a694cbeb5454/bottle-0.13.4.tar.gz", hash = "sha256:787e78327e12b227938de02248333d788cfe45987edca735f8f88e03472c3f47", size = 98717, upload-time = "2025-06-15T10:08:59.439Z" }
wheels = [
    { url = "https://files.pythonhosted.org/packages/83/f6/b55ec74cfe68c6584163faa311503c20b0da4c09883a41e8e00d6726c954/bottle-0.13.4-py2.py3-none-any.whl", hash = "sha256:045684fbd2764eac9cdeb824861d1551d113e8b683d8d26e296898d3dd99a12e", size = 103807, upload-time = "2025-06-15T10:08:57.691Z" },
]

[[package]]
name = "certifi"
version = "2025.8.3"
source = { registry = "https://pypi.org/simple" }
sdist = { url = "https://files.pythonhosted.org/packages/dc/67/960ebe6bf230a96cda2e0abcf73af550ec4f090005363542f0765df162e0/certifi-2025.8.3.tar.gz", hash = "sha256:e564105f78ded564e3ae7c923924435e1daa7463faeab5bb932bc53ffae63407", size = 162386, upload-time = "2025-08-03T03:07:47.08Z" }
wheels = [
    { url = "https://files.pythonhosted.org/packages/e5/48/1549795ba7742c948d2ad169c1c8cdbae65bc450d6cd753d124b17c8cd32/certifi-2025.8.3-py3-none-any.whl", hash = "sha256:f6c12493cfb1b06ba2ff328595af9350c65d6644968e5d3a2ffd78699af217a5", size = 161216, upload-time = "2025-08-03T03:07:45.777Z" },
]

[[package]]
name = "charset-normalizer"
version = "3.4.2"
source = { registry = "https://pypi.org/simple" }
sdist = { url = "https://files.pythonhosted.org/packages/e4/33/89c2ced2b67d1c2a61c19c6751aa8902d46ce3dacb23600a283619f5a12d/charset_normalizer-3.4.2.tar.gz", hash = "sha256:5baececa9ecba31eff645232d59845c07aa030f0c81ee70184a90d35099a0e63", size = 126367, upload-time = "2025-05-02T08:34:42.01Z" }
wheels = [
    { url = "https://files.pythonhosted.org/packages/95/28/9901804da60055b406e1a1c5ba7aac1276fb77f1dde635aabfc7fd84b8ab/charset_normalizer-3.4.2-cp310-cp310-macosx_10_9_universal2.whl", hash = "sha256:7c48ed483eb946e6c04ccbe02c6b4d1d48e51944b6db70f697e089c193404941", size = 201818, upload-time = "2025-05-02T08:31:46.725Z" },
    { url = "https://files.pythonhosted.org/packages/d9/9b/892a8c8af9110935e5adcbb06d9c6fe741b6bb02608c6513983048ba1a18/charset_normalizer-3.4.2-cp310-cp310-manylinux_2_17_aarch64.manylinux2014_aarch64.whl", hash = "sha256:b2d318c11350e10662026ad0eb71bb51c7812fc8590825304ae0bdd4ac283acd", size = 144649, upload-time = "2025-05-02T08:31:48.889Z" },
    { url = "https://files.pythonhosted.org/packages/7b/a5/4179abd063ff6414223575e008593861d62abfc22455b5d1a44995b7c101/charset_normalizer-3.4.2-cp310-cp310-manylinux_2_17_ppc64le.manylinux2014_ppc64le.whl", hash = "sha256:9cbfacf36cb0ec2897ce0ebc5d08ca44213af24265bd56eca54bee7923c48fd6", size = 155045, upload-time = "2025-05-02T08:31:50.757Z" },
    { url = "https://files.pythonhosted.org/packages/3b/95/bc08c7dfeddd26b4be8c8287b9bb055716f31077c8b0ea1cd09553794665/charset_normalizer-3.4.2-cp310-cp310-manylinux_2_17_s390x.manylinux2014_s390x.whl", hash = "sha256:18dd2e350387c87dabe711b86f83c9c78af772c748904d372ade190b5c7c9d4d", size = 147356, upload-time = "2025-05-02T08:31:52.634Z" },
    { url = "https://files.pythonhosted.org/packages/a8/2d/7a5b635aa65284bf3eab7653e8b4151ab420ecbae918d3e359d1947b4d61/charset_normalizer-3.4.2-cp310-cp310-manylinux_2_17_x86_64.manylinux2014_x86_64.whl", hash = "sha256:8075c35cd58273fee266c58c0c9b670947c19df5fb98e7b66710e04ad4e9ff86", size = 149471, upload-time = "2025-05-02T08:31:56.207Z" },
    { url = "https://files.pythonhosted.org/packages/ae/38/51fc6ac74251fd331a8cfdb7ec57beba8c23fd5493f1050f71c87ef77ed0/charset_normalizer-3.4.2-cp310-cp310-manylinux_2_5_i686.manylinux1_i686.manylinux_2_17_i686.manylinux2014_i686.whl", hash = "sha256:5bf4545e3b962767e5c06fe1738f951f77d27967cb2caa64c28be7c4563e162c", size = 151317, upload-time = "2025-05-02T08:31:57.613Z" },
    { url = "https://files.pythonhosted.org/packages/b7/17/edee1e32215ee6e9e46c3e482645b46575a44a2d72c7dfd49e49f60ce6bf/charset_normalizer-3.4.2-cp310-cp310-musllinux_1_2_aarch64.whl", hash = "sha256:7a6ab32f7210554a96cd9e33abe3ddd86732beeafc7a28e9955cdf22ffadbab0", size = 146368, upload-time = "2025-05-02T08:31:59.468Z" },
    { url = "https://files.pythonhosted.org/packages/26/2c/ea3e66f2b5f21fd00b2825c94cafb8c326ea6240cd80a91eb09e4a285830/charset_normalizer-3.4.2-cp310-cp310-musllinux_1_2_i686.whl", hash = "sha256:b33de11b92e9f75a2b545d6e9b6f37e398d86c3e9e9653c4864eb7e89c5773ef", size = 154491, upload-time = "2025-05-02T08:32:01.219Z" },
    { url = "https://files.pythonhosted.org/packages/52/47/7be7fa972422ad062e909fd62460d45c3ef4c141805b7078dbab15904ff7/charset_normalizer-3.4.2-cp310-cp310-musllinux_1_2_ppc64le.whl", hash = "sha256:8755483f3c00d6c9a77f490c17e6ab0c8729e39e6390328e42521ef175380ae6", size = 157695, upload-time = "2025-05-02T08:32:03.045Z" },
    { url = "https://files.pythonhosted.org/packages/2f/42/9f02c194da282b2b340f28e5fb60762de1151387a36842a92b533685c61e/charset_normalizer-3.4.2-cp310-cp310-musllinux_1_2_s390x.whl", hash = "sha256:68a328e5f55ec37c57f19ebb1fdc56a248db2e3e9ad769919a58672958e8f366", size = 154849, upload-time = "2025-05-02T08:32:04.651Z" },
    { url = "https://files.pythonhosted.org/packages/67/44/89cacd6628f31fb0b63201a618049be4be2a7435a31b55b5eb1c3674547a/charset_normalizer-3.4.2-cp310-cp310-musllinux_1_2_x86_64.whl", hash = "sha256:21b2899062867b0e1fde9b724f8aecb1af14f2778d69aacd1a5a1853a597a5db", size = 150091, upload-time = "2025-05-02T08:32:06.719Z" },
    { url = "https://files.pythonhosted.org/packages/1f/79/4b8da9f712bc079c0f16b6d67b099b0b8d808c2292c937f267d816ec5ecc/charset_normalizer-3.4.2-cp310-cp310-win32.whl", hash = "sha256:e8082b26888e2f8b36a042a58307d5b917ef2b1cacab921ad3323ef91901c71a", size = 98445, upload-time = "2025-05-02T08:32:08.66Z" },
    { url = "https://files.pythonhosted.org/packages/7d/d7/96970afb4fb66497a40761cdf7bd4f6fca0fc7bafde3a84f836c1f57a926/charset_normalizer-3.4.2-cp310-cp310-win_amd64.whl", hash = "sha256:f69a27e45c43520f5487f27627059b64aaf160415589230992cec34c5e18a509", size = 105782, upload-time = "2025-05-02T08:32:10.46Z" },
    { url = "https://files.pythonhosted.org/packages/05/85/4c40d00dcc6284a1c1ad5de5e0996b06f39d8232f1031cd23c2f5c07ee86/charset_normalizer-3.4.2-cp311-cp311-macosx_10_9_universal2.whl", hash = "sha256:be1e352acbe3c78727a16a455126d9ff83ea2dfdcbc83148d2982305a04714c2", size = 198794, upload-time = "2025-05-02T08:32:11.945Z" },
    { url = "https://files.pythonhosted.org/packages/41/d9/7a6c0b9db952598e97e93cbdfcb91bacd89b9b88c7c983250a77c008703c/charset_normalizer-3.4.2-cp311-cp311-manylinux_2_17_aarch64.manylinux2014_aarch64.whl", hash = "sha256:aa88ca0b1932e93f2d961bf3addbb2db902198dca337d88c89e1559e066e7645", size = 142846, upload-time = "2025-05-02T08:32:13.946Z" },
    { url = "https://files.pythonhosted.org/packages/66/82/a37989cda2ace7e37f36c1a8ed16c58cf48965a79c2142713244bf945c89/charset_normalizer-3.4.2-cp311-cp311-manylinux_2_17_ppc64le.manylinux2014_ppc64le.whl", hash = "sha256:d524ba3f1581b35c03cb42beebab4a13e6cdad7b36246bd22541fa585a56cccd", size = 153350, upload-time = "2025-05-02T08:32:15.873Z" },
    { url = "https://files.pythonhosted.org/packages/df/68/a576b31b694d07b53807269d05ec3f6f1093e9545e8607121995ba7a8313/charset_normalizer-3.4.2-cp311-cp311-manylinux_2_17_s390x.manylinux2014_s390x.whl", hash = "sha256:28a1005facc94196e1fb3e82a3d442a9d9110b8434fc1ded7a24a2983c9888d8", size = 145657, upload-time = "2025-05-02T08:32:17.283Z" },
    { url = "https://files.pythonhosted.org/packages/92/9b/ad67f03d74554bed3aefd56fe836e1623a50780f7c998d00ca128924a499/charset_normalizer-3.4.2-cp311-cp311-manylinux_2_17_x86_64.manylinux2014_x86_64.whl", hash = "sha256:fdb20a30fe1175ecabed17cbf7812f7b804b8a315a25f24678bcdf120a90077f", size = 147260, upload-time = "2025-05-02T08:32:18.807Z" },
    { url = "https://files.pythonhosted.org/packages/a6/e6/8aebae25e328160b20e31a7e9929b1578bbdc7f42e66f46595a432f8539e/charset_normalizer-3.4.2-cp311-cp311-manylinux_2_5_i686.manylinux1_i686.manylinux_2_17_i686.manylinux2014_i686.whl", hash = "sha256:0f5d9ed7f254402c9e7d35d2f5972c9bbea9040e99cd2861bd77dc68263277c7", size = 149164, upload-time = "2025-05-02T08:32:20.333Z" },
    { url = "https://files.pythonhosted.org/packages/8b/f2/b3c2f07dbcc248805f10e67a0262c93308cfa149a4cd3d1fe01f593e5fd2/charset_normalizer-3.4.2-cp311-cp311-musllinux_1_2_aarch64.whl", hash = "sha256:efd387a49825780ff861998cd959767800d54f8308936b21025326de4b5a42b9", size = 144571, upload-time = "2025-05-02T08:32:21.86Z" },
    { url = "https://files.pythonhosted.org/packages/60/5b/c3f3a94bc345bc211622ea59b4bed9ae63c00920e2e8f11824aa5708e8b7/charset_normalizer-3.4.2-cp311-cp311-musllinux_1_2_i686.whl", hash = "sha256:f0aa37f3c979cf2546b73e8222bbfa3dc07a641585340179d768068e3455e544", size = 151952, upload-time = "2025-05-02T08:32:23.434Z" },
    { url = "https://files.pythonhosted.org/packages/e2/4d/ff460c8b474122334c2fa394a3f99a04cf11c646da895f81402ae54f5c42/charset_normalizer-3.4.2-cp311-cp311-musllinux_1_2_ppc64le.whl", hash = "sha256:e70e990b2137b29dc5564715de1e12701815dacc1d056308e2b17e9095372a82", size = 155959, upload-time = "2025-05-02T08:32:24.993Z" },
    { url = "https://files.pythonhosted.org/packages/a2/2b/b964c6a2fda88611a1fe3d4c400d39c66a42d6c169c924818c848f922415/charset_normalizer-3.4.2-cp311-cp311-musllinux_1_2_s390x.whl", hash = "sha256:0c8c57f84ccfc871a48a47321cfa49ae1df56cd1d965a09abe84066f6853b9c0", size = 153030, upload-time = "2025-05-02T08:32:26.435Z" },
    { url = "https://files.pythonhosted.org/packages/59/2e/d3b9811db26a5ebf444bc0fa4f4be5aa6d76fc6e1c0fd537b16c14e849b6/charset_normalizer-3.4.2-cp311-cp311-musllinux_1_2_x86_64.whl", hash = "sha256:6b66f92b17849b85cad91259efc341dce9c1af48e2173bf38a85c6329f1033e5", size = 148015, upload-time = "2025-05-02T08:32:28.376Z" },
    { url = "https://files.pythonhosted.org/packages/90/07/c5fd7c11eafd561bb51220d600a788f1c8d77c5eef37ee49454cc5c35575/charset_normalizer-3.4.2-cp311-cp311-win32.whl", hash = "sha256:daac4765328a919a805fa5e2720f3e94767abd632ae410a9062dff5412bae65a", size = 98106, upload-time = "2025-05-02T08:32:30.281Z" },
    { url = "https://files.pythonhosted.org/packages/a8/05/5e33dbef7e2f773d672b6d79f10ec633d4a71cd96db6673625838a4fd532/charset_normalizer-3.4.2-cp311-cp311-win_amd64.whl", hash = "sha256:e53efc7c7cee4c1e70661e2e112ca46a575f90ed9ae3fef200f2a25e954f4b28", size = 105402, upload-time = "2025-05-02T08:32:32.191Z" },
    { url = "https://files.pythonhosted.org/packages/d7/a4/37f4d6035c89cac7930395a35cc0f1b872e652eaafb76a6075943754f095/charset_normalizer-3.4.2-cp312-cp312-macosx_10_13_universal2.whl", hash = "sha256:0c29de6a1a95f24b9a1aa7aefd27d2487263f00dfd55a77719b530788f75cff7", size = 199936, upload-time = "2025-05-02T08:32:33.712Z" },
    { url = "https://files.pythonhosted.org/packages/ee/8a/1a5e33b73e0d9287274f899d967907cd0bf9c343e651755d9307e0dbf2b3/charset_normalizer-3.4.2-cp312-cp312-manylinux_2_17_aarch64.manylinux2014_aarch64.whl", hash = "sha256:cddf7bd982eaa998934a91f69d182aec997c6c468898efe6679af88283b498d3", size = 143790, upload-time = "2025-05-02T08:32:35.768Z" },
    { url = "https://files.pythonhosted.org/packages/66/52/59521f1d8e6ab1482164fa21409c5ef44da3e9f653c13ba71becdd98dec3/charset_normalizer-3.4.2-cp312-cp312-manylinux_2_17_ppc64le.manylinux2014_ppc64le.whl", hash = "sha256:fcbe676a55d7445b22c10967bceaaf0ee69407fbe0ece4d032b6eb8d4565982a", size = 153924, upload-time = "2025-05-02T08:32:37.284Z" },
    { url = "https://files.pythonhosted.org/packages/86/2d/fb55fdf41964ec782febbf33cb64be480a6b8f16ded2dbe8db27a405c09f/charset_normalizer-3.4.2-cp312-cp312-manylinux_2_17_s390x.manylinux2014_s390x.whl", hash = "sha256:d41c4d287cfc69060fa91cae9683eacffad989f1a10811995fa309df656ec214", size = 146626, upload-time = "2025-05-02T08:32:38.803Z" },
    { url = "https://files.pythonhosted.org/packages/8c/73/6ede2ec59bce19b3edf4209d70004253ec5f4e319f9a2e3f2f15601ed5f7/charset_normalizer-3.4.2-cp312-cp312-manylinux_2_17_x86_64.manylinux2014_x86_64.whl", hash = "sha256:4e594135de17ab3866138f496755f302b72157d115086d100c3f19370839dd3a", size = 148567, upload-time = "2025-05-02T08:32:40.251Z" },
    { url = "https://files.pythonhosted.org/packages/09/14/957d03c6dc343c04904530b6bef4e5efae5ec7d7990a7cbb868e4595ee30/charset_normalizer-3.4.2-cp312-cp312-manylinux_2_5_i686.manylinux1_i686.manylinux_2_17_i686.manylinux2014_i686.whl", hash = "sha256:cf713fe9a71ef6fd5adf7a79670135081cd4431c2943864757f0fa3a65b1fafd", size = 150957, upload-time = "2025-05-02T08:32:41.705Z" },
    { url = "https://files.pythonhosted.org/packages/0d/c8/8174d0e5c10ccebdcb1b53cc959591c4c722a3ad92461a273e86b9f5a302/charset_normalizer-3.4.2-cp312-cp312-musllinux_1_2_aarch64.whl", hash = "sha256:a370b3e078e418187da8c3674eddb9d983ec09445c99a3a263c2011993522981", size = 145408, upload-time = "2025-05-02T08:32:43.709Z" },
    { url = "https://files.pythonhosted.org/packages/58/aa/8904b84bc8084ac19dc52feb4f5952c6df03ffb460a887b42615ee1382e8/charset_normalizer-3.4.2-cp312-cp312-musllinux_1_2_i686.whl", hash = "sha256:a955b438e62efdf7e0b7b52a64dc5c3396e2634baa62471768a64bc2adb73d5c", size = 153399, upload-time = "2025-05-02T08:32:46.197Z" },
    { url = "https://files.pythonhosted.org/packages/c2/26/89ee1f0e264d201cb65cf054aca6038c03b1a0c6b4ae998070392a3ce605/charset_normalizer-3.4.2-cp312-cp312-musllinux_1_2_ppc64le.whl", hash = "sha256:7222ffd5e4de8e57e03ce2cef95a4c43c98fcb72ad86909abdfc2c17d227fc1b", size = 156815, upload-time = "2025-05-02T08:32:48.105Z" },
    { url = "https://files.pythonhosted.org/packages/fd/07/68e95b4b345bad3dbbd3a8681737b4338ff2c9df29856a6d6d23ac4c73cb/charset_normalizer-3.4.2-cp312-cp312-musllinux_1_2_s390x.whl", hash = "sha256:bee093bf902e1d8fc0ac143c88902c3dfc8941f7ea1d6a8dd2bcb786d33db03d", size = 154537, upload-time = "2025-05-02T08:32:49.719Z" },
    { url = "https://files.pythonhosted.org/packages/77/1a/5eefc0ce04affb98af07bc05f3bac9094513c0e23b0562d64af46a06aae4/charset_normalizer-3.4.2-cp312-cp312-musllinux_1_2_x86_64.whl", hash = "sha256:dedb8adb91d11846ee08bec4c8236c8549ac721c245678282dcb06b221aab59f", size = 149565, upload-time = "2025-05-02T08:32:51.404Z" },
    { url = "https://files.pythonhosted.org/packages/37/a0/2410e5e6032a174c95e0806b1a6585eb21e12f445ebe239fac441995226a/charset_normalizer-3.4.2-cp312-cp312-win32.whl", hash = "sha256:db4c7bf0e07fc3b7d89ac2a5880a6a8062056801b83ff56d8464b70f65482b6c", size = 98357, upload-time = "2025-05-02T08:32:53.079Z" },
    { url = "https://files.pythonhosted.org/packages/6c/4f/c02d5c493967af3eda9c771ad4d2bbc8df6f99ddbeb37ceea6e8716a32bc/charset_normalizer-3.4.2-cp312-cp312-win_amd64.whl", hash = "sha256:5a9979887252a82fefd3d3ed2a8e3b937a7a809f65dcb1e068b090e165bbe99e", size = 105776, upload-time = "2025-05-02T08:32:54.573Z" },
    { url = "https://files.pythonhosted.org/packages/ea/12/a93df3366ed32db1d907d7593a94f1fe6293903e3e92967bebd6950ed12c/charset_normalizer-3.4.2-cp313-cp313-macosx_10_13_universal2.whl", hash = "sha256:926ca93accd5d36ccdabd803392ddc3e03e6d4cd1cf17deff3b989ab8e9dbcf0", size = 199622, upload-time = "2025-05-02T08:32:56.363Z" },
    { url = "https://files.pythonhosted.org/packages/04/93/bf204e6f344c39d9937d3c13c8cd5bbfc266472e51fc8c07cb7f64fcd2de/charset_normalizer-3.4.2-cp313-cp313-manylinux_2_17_aarch64.manylinux2014_aarch64.whl", hash = "sha256:eba9904b0f38a143592d9fc0e19e2df0fa2e41c3c3745554761c5f6447eedabf", size = 143435, upload-time = "2025-05-02T08:32:58.551Z" },
    { url = "https://files.pythonhosted.org/packages/22/2a/ea8a2095b0bafa6c5b5a55ffdc2f924455233ee7b91c69b7edfcc9e02284/charset_normalizer-3.4.2-cp313-cp313-manylinux_2_17_ppc64le.manylinux2014_ppc64le.whl", hash = "sha256:3fddb7e2c84ac87ac3a947cb4e66d143ca5863ef48e4a5ecb83bd48619e4634e", size = 153653, upload-time = "2025-05-02T08:33:00.342Z" },
    { url = "https://files.pythonhosted.org/packages/b6/57/1b090ff183d13cef485dfbe272e2fe57622a76694061353c59da52c9a659/charset_normalizer-3.4.2-cp313-cp313-manylinux_2_17_s390x.manylinux2014_s390x.whl", hash = "sha256:98f862da73774290f251b9df8d11161b6cf25b599a66baf087c1ffe340e9bfd1", size = 146231, upload-time = "2025-05-02T08:33:02.081Z" },
    { url = "https://files.pythonhosted.org/packages/e2/28/ffc026b26f441fc67bd21ab7f03b313ab3fe46714a14b516f931abe1a2d8/charset_normalizer-3.4.2-cp313-cp313-manylinux_2_17_x86_64.manylinux2014_x86_64.whl", hash = "sha256:6c9379d65defcab82d07b2a9dfbfc2e95bc8fe0ebb1b176a3190230a3ef0e07c", size = 148243, upload-time = "2025-05-02T08:33:04.063Z" },
    { url = "https://files.pythonhosted.org/packages/c0/0f/9abe9bd191629c33e69e47c6ef45ef99773320e9ad8e9cb08b8ab4a8d4cb/charset_normalizer-3.4.2-cp313-cp313-manylinux_2_5_i686.manylinux1_i686.manylinux_2_17_i686.manylinux2014_i686.whl", hash = "sha256:e635b87f01ebc977342e2697d05b56632f5f879a4f15955dfe8cef2448b51691", size = 150442, upload-time = "2025-05-02T08:33:06.418Z" },
    { url = "https://files.pythonhosted.org/packages/67/7c/a123bbcedca91d5916c056407f89a7f5e8fdfce12ba825d7d6b9954a1a3c/charset_normalizer-3.4.2-cp313-cp313-musllinux_1_2_aarch64.whl", hash = "sha256:1c95a1e2902a8b722868587c0e1184ad5c55631de5afc0eb96bc4b0d738092c0", size = 145147, upload-time = "2025-05-02T08:33:08.183Z" },
    { url = "https://files.pythonhosted.org/packages/ec/fe/1ac556fa4899d967b83e9893788e86b6af4d83e4726511eaaad035e36595/charset_normalizer-3.4.2-cp313-cp313-musllinux_1_2_i686.whl", hash = "sha256:ef8de666d6179b009dce7bcb2ad4c4a779f113f12caf8dc77f0162c29d20490b", size = 153057, upload-time = "2025-05-02T08:33:09.986Z" },
    { url = "https://files.pythonhosted.org/packages/2b/ff/acfc0b0a70b19e3e54febdd5301a98b72fa07635e56f24f60502e954c461/charset_normalizer-3.4.2-cp313-cp313-musllinux_1_2_ppc64le.whl", hash = "sha256:32fc0341d72e0f73f80acb0a2c94216bd704f4f0bce10aedea38f30502b271ff", size = 156454, upload-time = "2025-05-02T08:33:11.814Z" },
    { url = "https://files.pythonhosted.org/packages/92/08/95b458ce9c740d0645feb0e96cea1f5ec946ea9c580a94adfe0b617f3573/charset_normalizer-3.4.2-cp313-cp313-musllinux_1_2_s390x.whl", hash = "sha256:289200a18fa698949d2b39c671c2cc7a24d44096784e76614899a7ccf2574b7b", size = 154174, upload-time = "2025-05-02T08:33:13.707Z" },
    { url = "https://files.pythonhosted.org/packages/78/be/8392efc43487ac051eee6c36d5fbd63032d78f7728cb37aebcc98191f1ff/charset_normalizer-3.4.2-cp313-cp313-musllinux_1_2_x86_64.whl", hash = "sha256:4a476b06fbcf359ad25d34a057b7219281286ae2477cc5ff5e3f70a246971148", size = 149166, upload-time = "2025-05-02T08:33:15.458Z" },
    { url = "https://files.pythonhosted.org/packages/44/96/392abd49b094d30b91d9fbda6a69519e95802250b777841cf3bda8fe136c/charset_normalizer-3.4.2-cp313-cp313-win32.whl", hash = "sha256:aaeeb6a479c7667fbe1099af9617c83aaca22182d6cf8c53966491a0f1b7ffb7", size = 98064, upload-time = "2025-05-02T08:33:17.06Z" },
    { url = "https://files.pythonhosted.org/packages/e9/b0/0200da600134e001d91851ddc797809e2fe0ea72de90e09bec5a2fbdaccb/charset_normalizer-3.4.2-cp313-cp313-win_amd64.whl", hash = "sha256:aa6af9e7d59f9c12b33ae4e9450619cf2488e2bbe9b44030905877f0b2324980", size = 105641, upload-time = "2025-05-02T08:33:18.753Z" },
    { url = "https://files.pythonhosted.org/packages/28/f8/dfb01ff6cc9af38552c69c9027501ff5a5117c4cc18dcd27cb5259fa1888/charset_normalizer-3.4.2-cp39-cp39-macosx_10_9_universal2.whl", hash = "sha256:005fa3432484527f9732ebd315da8da8001593e2cf46a3d817669f062c3d9ed4", size = 201671, upload-time = "2025-05-02T08:34:12.696Z" },
    { url = "https://files.pythonhosted.org/packages/32/fb/74e26ee556a9dbfe3bd264289b67be1e6d616329403036f6507bb9f3f29c/charset_normalizer-3.4.2-cp39-cp39-manylinux_2_17_aarch64.manylinux2014_aarch64.whl", hash = "sha256:e92fca20c46e9f5e1bb485887d074918b13543b1c2a1185e69bb8d17ab6236a7", size = 144744, upload-time = "2025-05-02T08:34:14.665Z" },
    { url = "https://files.pythonhosted.org/packages/ad/06/8499ee5aa7addc6f6d72e068691826ff093329fe59891e83b092ae4c851c/charset_normalizer-3.4.2-cp39-cp39-manylinux_2_17_ppc64le.manylinux2014_ppc64le.whl", hash = "sha256:50bf98d5e563b83cc29471fa114366e6806bc06bc7a25fd59641e41445327836", size = 154993, upload-time = "2025-05-02T08:34:17.134Z" },
    { url = "https://files.pythonhosted.org/packages/f1/a2/5e4c187680728219254ef107a6949c60ee0e9a916a5dadb148c7ae82459c/charset_normalizer-3.4.2-cp39-cp39-manylinux_2_17_s390x.manylinux2014_s390x.whl", hash = "sha256:721c76e84fe669be19c5791da68232ca2e05ba5185575086e384352e2c309597", size = 147382, upload-time = "2025-05-02T08:34:19.081Z" },
    { url = "https://files.pythonhosted.org/packages/4c/fe/56aca740dda674f0cc1ba1418c4d84534be51f639b5f98f538b332dc9a95/charset_normalizer-3.4.2-cp39-cp39-manylinux_2_17_x86_64.manylinux2014_x86_64.whl", hash = "sha256:82d8fd25b7f4675d0c47cf95b594d4e7b158aca33b76aa63d07186e13c0e0ab7", size = 149536, upload-time = "2025-05-02T08:34:21.073Z" },
    { url = "https://files.pythonhosted.org/packages/53/13/db2e7779f892386b589173dd689c1b1e304621c5792046edd8a978cbf9e0/charset_normalizer-3.4.2-cp39-cp39-manylinux_2_5_i686.manylinux1_i686.manylinux_2_17_i686.manylinux2014_i686.whl", hash = "sha256:b3daeac64d5b371dea99714f08ffc2c208522ec6b06fbc7866a450dd446f5c0f", size = 151349, upload-time = "2025-05-02T08:34:23.193Z" },
    { url = "https://files.pythonhosted.org/packages/69/35/e52ab9a276186f729bce7a0638585d2982f50402046e4b0faa5d2c3ef2da/charset_normalizer-3.4.2-cp39-cp39-musllinux_1_2_aarch64.whl", hash = "sha256:dccab8d5fa1ef9bfba0590ecf4d46df048d18ffe3eec01eeb73a42e0d9e7a8ba", size = 146365, upload-time = "2025-05-02T08:34:25.187Z" },
    { url = "https://files.pythonhosted.org/packages/a6/d8/af7333f732fc2e7635867d56cb7c349c28c7094910c72267586947561b4b/charset_normalizer-3.4.2-cp39-cp39-musllinux_1_2_i686.whl", hash = "sha256:aaf27faa992bfee0264dc1f03f4c75e9fcdda66a519db6b957a3f826e285cf12", size = 154499, upload-time = "2025-05-02T08:34:27.359Z" },
    { url = "https://files.pythonhosted.org/packages/7a/3d/a5b2e48acef264d71e036ff30bcc49e51bde80219bb628ba3e00cf59baac/charset_normalizer-3.4.2-cp39-cp39-musllinux_1_2_ppc64le.whl", hash = "sha256:eb30abc20df9ab0814b5a2524f23d75dcf83cde762c161917a2b4b7b55b1e518", size = 157735, upload-time = "2025-05-02T08:34:29.798Z" },
    { url = "https://files.pythonhosted.org/packages/85/d8/23e2c112532a29f3eef374375a8684a4f3b8e784f62b01da931186f43494/charset_normalizer-3.4.2-cp39-cp39-musllinux_1_2_s390x.whl", hash = "sha256:c72fbbe68c6f32f251bdc08b8611c7b3060612236e960ef848e0a517ddbe76c5", size = 154786, upload-time = "2025-05-02T08:34:31.858Z" },
    { url = "https://files.pythonhosted.org/packages/c7/57/93e0169f08ecc20fe82d12254a200dfaceddc1c12a4077bf454ecc597e33/charset_normalizer-3.4.2-cp39-cp39-musllinux_1_2_x86_64.whl", hash = "sha256:982bb1e8b4ffda883b3d0a521e23abcd6fd17418f6d2c4118d257a10199c0ce3", size = 150203, upload-time = "2025-05-02T08:34:33.88Z" },
    { url = "https://files.pythonhosted.org/packages/2c/9d/9bf2b005138e7e060d7ebdec7503d0ef3240141587651f4b445bdf7286c2/charset_normalizer-3.4.2-cp39-cp39-win32.whl", hash = "sha256:43e0933a0eff183ee85833f341ec567c0980dae57c464d8a508e1b2ceb336471", size = 98436, upload-time = "2025-05-02T08:34:35.907Z" },
    { url = "https://files.pythonhosted.org/packages/6d/24/5849d46cf4311bbf21b424c443b09b459f5b436b1558c04e45dbb7cc478b/charset_normalizer-3.4.2-cp39-cp39-win_amd64.whl", hash = "sha256:d11b54acf878eef558599658b0ffca78138c8c3655cf4f3a4a673c437e67732e", size = 105772, upload-time = "2025-05-02T08:34:37.935Z" },
    { url = "https://files.pythonhosted.org/packages/20/94/c5790835a017658cbfabd07f3bfb549140c3ac458cfc196323996b10095a/charset_normalizer-3.4.2-py3-none-any.whl", hash = "sha256:7f56930ab0abd1c45cd15be65cc741c28b1c9a34876ce8c17a2fa107810c0af0", size = 52626, upload-time = "2025-05-02T08:34:40.053Z" },
]

[[package]]
name = "cheroot"
version = "10.0.1"
source = { registry = "https://pypi.org/simple" }
dependencies = [
    { name = "jaraco-functools" },
    { name = "more-itertools" },
]
sdist = { url = "https://files.pythonhosted.org/packages/63/e2/f85981a51281bd30525bf664309332faa7c81782bb49e331af603421dbd1/cheroot-10.0.1.tar.gz", hash = "sha256:e0b82f797658d26b8613ec8eb563c3b08e6bd6a7921e9d5089bd1175ad1b1740", size = 167586, upload-time = "2024-04-22T15:21:24.785Z" }
wheels = [
    { url = "https://files.pythonhosted.org/packages/5b/9e/111f4441bc0e4736251ee0e61094904432ab19292a4cc7bd7127ed94f81e/cheroot-10.0.1-py3-none-any.whl", hash = "sha256:6ea332f20bfcede14e66174d112b30e9807492320d737ca628badc924d997595", size = 104758, upload-time = "2024-04-22T15:21:14.74Z" },
]

[[package]]
name = "dnspython"
version = "2.7.0"
source = { registry = "https://pypi.org/simple" }
sdist = { url = "https://files.pythonhosted.org/packages/b5/4a/263763cb2ba3816dd94b08ad3a33d5fdae34ecb856678773cc40a3605829/dnspython-2.7.0.tar.gz", hash = "sha256:ce9c432eda0dc91cf618a5cedf1a4e142651196bbcd2c80e89ed5a907e5cfaf1", size = 345197, upload-time = "2024-10-05T20:14:59.362Z" }
wheels = [
    { url = "https://files.pythonhosted.org/packages/68/1b/e0a87d256e40e8c888847551b20a017a6b98139178505dc7ffb96f04e954/dnspython-2.7.0-py3-none-any.whl", hash = "sha256:b4c34b7d10b51bcc3a5071e7b8dee77939f1e878477eeecc965e9835f63c6c86", size = 313632, upload-time = "2024-10-05T20:14:57.687Z" },
]

[[package]]
name = "drivers-evergreen-tools"
version = "0.1.0"
source = { directory = "../" }

[[package]]
name = "drivers-orchestration"
version = "0.1.0"
source = { editable = "." }
dependencies = [
    { name = "drivers-evergreen-tools" },
    { name = "mongo-orchestration" },
]

[package.metadata]
requires-dist = [
    { name = "drivers-evergreen-tools", directory = "../" },
    { name = "mongo-orchestration", url = "https://github.com/mongodb/mongo-orchestration/archive/master.tar.gz" },
]

[[package]]
name = "idna"
version = "3.10"
source = { registry = "https://pypi.org/simple" }
sdist = { url = "https://files.pythonhosted.org/packages/f1/70/7703c29685631f5a7590aa73f1f1d3fa9a380e654b86af429e0934a32f7d/idna-3.10.tar.gz", hash = "sha256:12f65c9b470abda6dc35cf8e63cc574b1c52b11df2c86030af0ac09b01b13ea9", size = 190490, upload-time = "2024-09-15T18:07:39.745Z" }
wheels = [
    { url = "https://files.pythonhosted.org/packages/76/c6/c88e154df9c4e1a2a66ccf0005a88dfb2650c1dffb6f5ce603dfbd452ce3/idna-3.10-py3-none-any.whl", hash = "sha256:946d195a0d259cbba61165e88e65941f16e9b36ea6ddb97f00452bae8b1287d3", size = 70442, upload-time = "2024-09-15T18:07:37.964Z" },
]

[[package]]
name = "jaraco-functools"
version = "4.2.1"
source = { registry = "https://pypi.org/simple" }
dependencies = [
    { name = "more-itertools" },
]
sdist = { url = "https://files.pythonhosted.org/packages/49/1c/831faaaa0f090b711c355c6d8b2abf277c72133aab472b6932b03322294c/jaraco_functools-4.2.1.tar.gz", hash = "sha256:be634abfccabce56fa3053f8c7ebe37b682683a4ee7793670ced17bab0087353", size = 19661, upload-time = "2025-06-21T19:22:03.201Z" }
wheels = [
    { url = "https://files.pythonhosted.org/packages/f3/fd/179a20f832824514df39a90bb0e5372b314fea99f217f5ab942b10a8a4e8/jaraco_functools-4.2.1-py3-none-any.whl", hash = "sha256:590486285803805f4b1f99c60ca9e94ed348d4added84b74c7a12885561e524e", size = 10349, upload-time = "2025-06-21T19:22:02.039Z" },
]

[[package]]
name = "mongo-orchestration"
version = "0.12.0.dev0"
source = { url = "https://github.com/mongodb/mongo-orchestration/archive/master.tar.gz" }
dependencies = [
    { name = "bottle" },
    { name = "cheroot" },
    { name = "pymongo" },
    { name = "requests" },
]
sdist = { hash = "sha256:1286103cc4eddd80b485d3dfa83b1a8e748007756b2094b85db89503be825ba4" }

[package.metadata]
requires-dist = [
    { name = "bottle", specifier = ">=0.12.7" },
    { name = "cheroot", specifier = ">=5.11" },
    { name = "coverage", marker = "extra == 'test'", specifier = ">=3.5" },
    { name = "pexpect", marker = "extra == 'test'" },
    { name = "pymongo", specifier = ">=4,<5" },
    { name = "pytest", marker = "extra == 'test'" },
    { name = "requests" },
]
provides-extras = ["test"]

[[package]]
name = "more-itertools"
version = "10.7.0"
source = { registry = "https://pypi.org/simple" }
sdist = { url = "https://files.pythonhosted.org/packages/ce/a0/834b0cebabbfc7e311f30b46c8188790a37f89fc8d756660346fe5abfd09/more_itertools-10.7.0.tar.gz", hash = "sha256:9fddd5403be01a94b204faadcff459ec3568cf110265d3c54323e1e866ad29d3", size = 127671, upload-time = "2025-04-22T14:17:41.838Z" }
wheels = [
    { url = "https://files.pythonhosted.org/packages/2b/9f/7ba6f94fc1e9ac3d2b853fdff3035fb2fa5afbed898c4a72b8a020610594/more_itertools-10.7.0-py3-none-any.whl", hash = "sha256:d43980384673cb07d2f7d2d918c616b30c659c089ee23953f601d6609c67510e", size = 65278, upload-time = "2025-04-22T14:17:40.49Z" },
]

[[package]]
name = "pymongo"
version = "4.14.0"
source = { registry = "https://pypi.org/simple" }
dependencies = [
    { name = "dnspython" },
]
sdist = { url = "https://files.pythonhosted.org/packages/bf/1c/f148bb1747c48955dbeea34a53c6d60b858f902c61c62330d277ee806af7/pymongo-4.14.0.tar.gz", hash = "sha256:15674e3fddce78cf134fc4e55f90abf1608a48430130cd35efdf3802fd47a1d1", size = 2213509, upload-time = "2025-08-06T13:41:11.04Z" }
wheels = [
    { url = "https://files.pythonhosted.org/packages/a3/2c/3babac3513643c40c59b588dabf806b963fca78f1bf40209ce37b5a0d424/pymongo-4.14.0-cp310-cp310-macosx_10_9_x86_64.whl", hash = "sha256:8f63035da92f923d966fb07017969b5c42d0450412ceb6c3f837a02b72a5a69d", size = 804779, upload-time = "2025-08-06T13:39:35.358Z" },
    { url = "https://files.pythonhosted.org/packages/17/00/4e81c1605c1559a881fb56bc038df23b18eed33da2735b775cbb7e73bf89/pymongo-4.14.0-cp310-cp310-macosx_11_0_arm64.whl", hash = "sha256:7e6b1f34db93856b083760fe2848562c0b39433fc1a0827155ea02fee5733c64", size = 805070, upload-time = "2025-08-06T13:39:38.178Z" },
    { url = "https://files.pythonhosted.org/packages/d8/db/2595d98e2747473f2d0be0be5f0601f52b2fc7878be86f06c8a938f12fcc/pymongo-4.14.0-cp310-cp310-manylinux_2_17_aarch64.manylinux2014_aarch64.whl", hash = "sha256:a5af18f9239e672c2b9713a8e5f0267e927c9dcc3960dce9599712f304fd377f", size = 1182432, upload-time = "2025-08-06T13:39:39.488Z" },
    { url = "https://files.pythonhosted.org/packages/8f/80/d55401940e3a5dc30c9d2385e3a4648573c1f9e40d294b647f20459779ce/pymongo-4.14.0-cp310-cp310-manylinux_2_17_ppc64le.manylinux2014_ppc64le.whl", hash = "sha256:ced2a58339aeb2e0f4e347778a5b5130acca0384c0146135e1afe7bf2b9a2701", size = 1216659, upload-time = "2025-08-06T13:39:40.916Z" },
    { url = "https://files.pythonhosted.org/packages/50/32/ba0f4f9d23d1090533edd99d8d5233c69d9936eb93000425d9afa5bf4504/pymongo-4.14.0-cp310-cp310-manylinux_2_17_s390x.manylinux2014_s390x.whl", hash = "sha256:23d48bf539f581603a7425e4eeaea279bdb89caa0462aab29e163c11c5d02a9c", size = 1199588, upload-time = "2025-08-06T13:39:42.34Z" },
    { url = "https://files.pythonhosted.org/packages/61/88/167b64c1c796b7d8c55c7a8b1c5b3626aab0d2d895108f0abb7ba4b8b730/pymongo-4.14.0-cp310-cp310-manylinux_2_17_x86_64.manylinux2014_x86_64.whl", hash = "sha256:4220f42630b260c2594589202efaa4916f3799e87c9fdc479fb6ed62457c74fe", size = 1185605, upload-time = "2025-08-06T13:39:43.613Z" },
    { url = "https://files.pythonhosted.org/packages/87/51/2e65e511cfb40c665b2b14b70503bb4d941dd5a8ca25e76df17a095b55b9/pymongo-4.14.0-cp310-cp310-manylinux_2_5_i686.manylinux1_i686.manylinux_2_17_i686.manylinux2014_i686.whl", hash = "sha256:f7e34bd3fe6e5034e22d47d685391ae0f2f2b22d150e9a36a6b77f0c0234e21d", size = 1164763, upload-time = "2025-08-06T13:39:44.998Z" },
    { url = "https://files.pythonhosted.org/packages/02/42/a16cc715e8cc73402612d4b414a80a8f9290514ceb8a890047ad8f6a423e/pymongo-4.14.0-cp310-cp310-win32.whl", hash = "sha256:f4712911b6dc07aaa00aaa87749b63370ca5900714a2b4b19ba1385163e90295", size = 791923, upload-time = "2025-08-06T13:39:46.411Z" },
    { url = "https://files.pythonhosted.org/packages/1d/4e/1bca3d44cc6b98e81fb78bbcfc582477869e31e0f0f6288c14e512910874/pymongo-4.14.0-cp310-cp310-win_amd64.whl", hash = "sha256:74fb430c98c5a7f871bfa40f77c8158af8bde256215296d7cfe1ec9c5a417718", size = 801651, upload-time = "2025-08-06T13:39:47.748Z" },
    { url = "https://files.pythonhosted.org/packages/fd/31/e67483f313f70d7440e820246ec500bf039a9c905c6d374cdd970ed9241d/pymongo-4.14.0-cp311-cp311-macosx_10_9_x86_64.whl", hash = "sha256:88f9c415c59450c0ac4133aa4745459101619ca7997dc468209bf395563667d2", size = 859161, upload-time = "2025-08-06T13:39:49.139Z" },
    { url = "https://files.pythonhosted.org/packages/b5/9b/afc662756e32922207b99ffc0f3d01cee5a495af0078a675a4dfc901ef75/pymongo-4.14.0-cp311-cp311-macosx_11_0_arm64.whl", hash = "sha256:6513474970fdf3afd9dc9de9065a31a1efc8288ca9068510e5e973fa80200c8f", size = 859458, upload-time = "2025-08-06T13:39:50.469Z" },
    { url = "https://files.pythonhosted.org/packages/24/9b/078cc8fe51836f4ec1bc2d49e0cfccfc3b914991213cc50c028d5b268a44/pymongo-4.14.0-cp311-cp311-manylinux_2_17_aarch64.manylinux2014_aarch64.whl", hash = "sha256:d60c0e9b13603317062f316906fb5be4000f5b5fe288eb6e9df4ef8695863cd8", size = 1428520, upload-time = "2025-08-06T13:39:52.045Z" },
    { url = "https://files.pythonhosted.org/packages/d2/0e/89864b0ab731927bffb60485238914d9462adbc93061d0c38dd60deb346f/pymongo-4.14.0-cp311-cp311-manylinux_2_17_ppc64le.manylinux2014_ppc64le.whl", hash = "sha256:a203cb757f75804c43aec48f23cb138e890a24219716ce9958041dace39ba470", size = 1479481, upload-time = "2025-08-06T13:39:54.913Z" },
    { url = "https://files.pythonhosted.org/packages/3b/8d/1b8ee7f66804d6ea88f7bfc2cf7fce1bd3b2598cb9e003a4406eb10d7405/pymongo-4.14.0-cp311-cp311-manylinux_2_17_s390x.manylinux2014_s390x.whl", hash = "sha256:4bdf65bf8167a92b70de44d28ed9df1c2dec83fe2a82e26c01fc89da8ca6bc34", size = 1453925, upload-time = "2025-08-06T13:39:56.234Z" },
    { url = "https://files.pythonhosted.org/packages/4e/0e/97a8e082bbb60b39276f891f74aedb2f5ee97bbdee88690ef313f341690a/pymongo-4.14.0-cp311-cp311-manylinux_2_17_x86_64.manylinux2014_x86_64.whl", hash = "sha256:c1f79fdd99db135dbc1678477793764c156c11623d0d9dbe4c57767d081b79b8", size = 1433050, upload-time = "2025-08-06T13:39:57.556Z" },
    { url = "https://files.pythonhosted.org/packages/b0/88/6627ecc431fa63008715dd0927204691d356c996de04d1477fa2317ea706/pymongo-4.14.0-cp311-cp311-manylinux_2_5_i686.manylinux1_i686.manylinux_2_17_i686.manylinux2014_i686.whl", hash = "sha256:05152a2ca55805c37f77ac473e51915f44bba9a6b32fed875fa9df61d81681ca", size = 1401702, upload-time = "2025-08-06T13:39:59.265Z" },
    { url = "https://files.pythonhosted.org/packages/20/9a/1d253195763c865336536e5f328a86691db5ee642714ea1f12d51491223e/pymongo-4.14.0-cp311-cp311-win32.whl", hash = "sha256:aa25505e36e32bef3fa135578461f24735e9d4b7b62e6aa21eb8f2d163cef86d", size = 838006, upload-time = "2025-08-06T13:40:00.936Z" },
    { url = "https://files.pythonhosted.org/packages/21/0d/9e5243870e2ff2d2c4552d32e22fd4d3079466e3350b91bc3d68b99d19d5/pymongo-4.14.0-cp311-cp311-win_amd64.whl", hash = "sha256:c57aef3b48e8c7818689604ff24e54524e164056ec56ee5ea48384264360bf59", size = 852617, upload-time = "2025-08-06T13:40:02.374Z" },
    { url = "https://files.pythonhosted.org/packages/ca/fd/71936f5188d76e1e5d86749c39fb15f7aaf7fdc0a81d62ca084cad9ed740/pymongo-4.14.0-cp312-cp312-macosx_10_13_x86_64.whl", hash = "sha256:864f005459ef9b19c60cb96ca755124e0291d211000859f33c62a166f55eba27", size = 914026, upload-time = "2025-08-06T13:40:06.024Z" },
    { url = "https://files.pythonhosted.org/packages/bd/7e/821ec87233b0cdc0cb5b2f9845d7ff52e94e5a37cc05c6d59a3d6c5f6f98/pymongo-4.14.0-cp312-cp312-macosx_11_0_arm64.whl", hash = "sha256:69956f971a6f8dafc62e5c83ac21ebf15d5757e13758284f12218ad7fbd3c0fe", size = 913721, upload-time = "2025-08-06T13:40:07.459Z" },
    { url = "https://files.pythonhosted.org/packages/82/67/174f6b92efe4da967e8fcbaa25e59c6cb06efd395cacc9558c1254565031/pymongo-4.14.0-cp312-cp312-manylinux_2_17_aarch64.manylinux2014_aarch64.whl", hash = "sha256:91200f47453a1cb97136629e28f4091a109756ec37067b622f90c4b626b4af8d", size = 1692360, upload-time = "2025-08-06T13:40:08.857Z" },
    { url = "https://files.pythonhosted.org/packages/d1/b5/36e84df138cd4a8280334ed5e6e7f5fa52a9cbe933cd68d9e10c9bca6639/pymongo-4.14.0-cp312-cp312-manylinux_2_17_ppc64le.manylinux2014_ppc64le.whl", hash = "sha256:c32f5e23e9dd31e20800d993f3695b6627664dc7da30ac1669f9716833b33175", size = 1756598, upload-time = "2025-08-06T13:40:10.61Z" },
    { url = "https://files.pythonhosted.org/packages/ad/7f/c6964ce567a4cc6248d7f0959af9b7d9e51837a3ca3d54b15ade6eecf376/pymongo-4.14.0-cp312-cp312-manylinux_2_17_s390x.manylinux2014_s390x.whl", hash = "sha256:f4407c1ab7514e08d4af0f58cf9d7eddc86e45e458fe46f99a72a5d18dbc71dc", size = 1725641, upload-time = "2025-08-06T13:40:12.07Z" },
    { url = "https://files.pythonhosted.org/packages/7d/5b/827dca0b1b53118a96749a63886c1bbc04bf56b68424038baf7dabc98380/pymongo-4.14.0-cp312-cp312-manylinux_2_17_x86_64.manylinux2014_x86_64.whl", hash = "sha256:0ec6666e599ee10cc5cde0cc6a8519373384a14af3a310ede1bf177105f38fb0", size = 1695618, upload-time = "2025-08-06T13:40:13.845Z" },
    { url = "https://files.pythonhosted.org/packages/9e/45/f53f6531836f9da26b753c60e0d0a0c6f22ac023ba8ef1286addf56ce86f/pymongo-4.14.0-cp312-cp312-manylinux_2_5_i686.manylinux1_i686.manylinux_2_17_i686.manylinux2014_i686.whl", hash = "sha256:a809a982a843bb561c7030059d54ea7f1dcc967cc72a45f1435695e2a2a515a5", size = 1654748, upload-time = "2025-08-06T13:40:15.401Z" },
    { url = "https://files.pythonhosted.org/packages/83/3b/4b33d36c00a0c44889322b8e9a0650aa5668bc531f6301f01ad7a242d120/pymongo-4.14.0-cp312-cp312-win32.whl", hash = "sha256:3866d031fcbe81d7677c078026e650aeef8915560ba758a28051debce38f6b77", size = 884844, upload-time = "2025-08-06T13:40:17.21Z" },
    { url = "https://files.pythonhosted.org/packages/eb/f6/68b52e16fb831c246171379ae2115cc8cb282f6b7b47fbe7fb8cc4b9df1f/pymongo-4.14.0-cp312-cp312-win_amd64.whl", hash = "sha256:91b8de871a40225bbe4f92d6dc3f20c26bf838e49d3563592131401af0d665a6", size = 904277, upload-time = "2025-08-06T13:40:18.722Z" },
    { url = "https://files.pythonhosted.org/packages/97/99/d6c145e57387bfa2b6d90f4f5285f2b0903625733dcc6403aa9d7abeddbb/pymongo-4.14.0-cp313-cp313-macosx_10_13_x86_64.whl", hash = "sha256:54576faf8e6fefe17886a201f9df61bdf728ccac9a7a0847095a0e8480cd6ec1", size = 968259, upload-time = "2025-08-06T13:40:20.551Z" },
    { url = "https://files.pythonhosted.org/packages/8d/36/5226af83554bbfa0d754aa1ab022af92f64a2376604d56c9a8c50e247b85/pymongo-4.14.0-cp313-cp313-macosx_11_0_arm64.whl", hash = "sha256:c64ef5e58adedecb853a680eb5d1aea50770197f212e202d6eb50c801797b576", size = 967959, upload-time = "2025-08-06T13:40:21.962Z" },
    { url = "https://files.pythonhosted.org/packages/6d/f5/4e627e3e5230e8c62c5fe218b5cb1347a1b01932fd6446c3f03e18ec29c5/pymongo-4.14.0-cp313-cp313-manylinux_2_17_aarch64.manylinux2014_aarch64.whl", hash = "sha256:5f1c0cdddf9783065bf55d3fe025843c0974a828bafc9bb5514ae28dd2828a40", size = 1956074, upload-time = "2025-08-06T13:40:23.413Z" },
    { url = "https://files.pythonhosted.org/packages/16/05/989cfdc8536245a55a549f76ba20356822ebfce752e72a5164bd0795ace0/pymongo-4.14.0-cp313-cp313-manylinux_2_17_ppc64le.manylinux2014_ppc64le.whl", hash = "sha256:22805d4fa587b526ac3129ee634a8761abbeb76883045718438f5b8e72f91ce6", size = 2033427, upload-time = "2025-08-06T13:40:25.325Z" },
    { url = "https://files.pythonhosted.org/packages/93/a5/fafef0230fa6cc5d4bb5addcea77d8b71f4eca4d31a5a596d26398aaa45a/pymongo-4.14.0-cp313-cp313-manylinux_2_17_s390x.manylinux2014_s390x.whl", hash = "sha256:7c3e6e669cf36b27694de2730f5d5b31ef492ffe99446563192c4e8ee84ca859", size = 1997344, upload-time = "2025-08-06T13:40:26.91Z" },
    { url = "https://files.pythonhosted.org/packages/9b/6c/1170d5c8e087832dba2b0930ec90bafde8a59efa37b521d9a5902ec9d282/pymongo-4.14.0-cp313-cp313-manylinux_2_17_x86_64.manylinux2014_x86_64.whl", hash = "sha256:9763a2477d5388df65ab6f591cf0cb7fd34f4a66f873c31e63288fd79887742c", size = 1958072, upload-time = "2025-08-06T13:40:28.865Z" },
    { url = "https://files.pythonhosted.org/packages/27/7b/bb07c7c4c102046ff92f3acd05d85870e06a08df2a0fcd2e87586f2516fe/pymongo-4.14.0-cp313-cp313-manylinux_2_5_i686.manylinux1_i686.manylinux_2_17_i686.manylinux2014_i686.whl", hash = "sha256:88d6f5aceab3528b8760942a57635599925f7fd743691f9d759a02124207dfd0", size = 1907647, upload-time = "2025-08-06T13:40:30.435Z" },
    { url = "https://files.pythonhosted.org/packages/21/e6/c0ee2163133f1a437cd3b0308521e24181b69b5510b9eabde9ee86999c12/pymongo-4.14.0-cp313-cp313-win32.whl", hash = "sha256:e283feafde118cbbb03adc036b882be042b0a2eca121ec5d6bbec3e12980e8fa", size = 931673, upload-time = "2025-08-06T13:40:31.956Z" },
    { url = "https://files.pythonhosted.org/packages/ec/1d/1692f0696d8e6bcb3e43469999eeb92d5f0acdb9a50aca2c869820321df9/pymongo-4.14.0-cp313-cp313-win_amd64.whl", hash = "sha256:a29b62d421a512833e99d4781b64e695cfe23b4c4a9159ea83e56fc2660f2480", size = 955893, upload-time = "2025-08-06T13:40:33.461Z" },
    { url = "https://files.pythonhosted.org/packages/fd/19/f3ed531d7151dc2d1be27746c206e74403283873ec5d12170616982eccb0/pymongo-4.14.0-cp313-cp313t-macosx_10_13_x86_64.whl", hash = "sha256:67225d5fb1be2a34c6f73cde9d81a8041a095a94ed2433e2cf9e2f1657443def", size = 1024757, upload-time = "2025-08-06T13:40:35.277Z" },
    { url = "https://files.pythonhosted.org/packages/36/f9/38782d41e16d11ba540ddfc618104e249a5b950a446b8a77a17f3416c6e6/pymongo-4.14.0-cp313-cp313t-macosx_11_0_arm64.whl", hash = "sha256:bbf0dbe8554978c1271bdc82366852245a03ab124a1387b6f3531f64adac3c39", size = 1024765, upload-time = "2025-08-06T13:40:36.797Z" },
    { url = "https://files.pythonhosted.org/packages/82/75/b385aa6ed09d077b47b00d4bc3c4b9bdac97b50fde3be7599ff9ceef8cbc/pymongo-4.14.0-cp313-cp313t-manylinux_2_17_aarch64.manylinux2014_aarch64.whl", hash = "sha256:b7f61561cbc7426ffc2d37b46e65ab5323fc366644f70c8e2240ed5452e2c402", size = 2284433, upload-time = "2025-08-06T13:40:38.35Z" },
    { url = "https://files.pythonhosted.org/packages/f2/29/d0dbf281e58e26dbeef4e972905b371c63d33c5aa8caa0d58140224bfee5/pymongo-4.14.0-cp313-cp313t-manylinux_2_17_ppc64le.manylinux2014_ppc64le.whl", hash = "sha256:502cd551679753fb7838221c3bbb963da4b4aa0576848192afb1f78128ff729a", size = 2371473, upload-time = "2025-08-06T13:40:39.852Z" },
    { url = "https://files.pythonhosted.org/packages/db/eb/089dfc96a29881ed17964705ea254da2f8b3aebf9754abd6aaa8125e1589/pymongo-4.14.0-cp313-cp313t-manylinux_2_17_s390x.manylinux2014_s390x.whl", hash = "sha256:cba6b59afef2b47c4859bf36115fa577330601b93e39d04f39fcc6103e801286", size = 2330862, upload-time = "2025-08-06T13:40:41.803Z" },
    { url = "https://files.pythonhosted.org/packages/35/07/b4f1215314e5f1114a899c33f17219b1f590502c736058c50571fa189ed1/pymongo-4.14.0-cp313-cp313t-manylinux_2_17_x86_64.manylinux2014_x86_64.whl", hash = "sha256:1c0fa103f978c15f7c2f0d7b2e010c24c327432a0310503bc0ec93c5f9be9e81", size = 2282058, upload-time = "2025-08-06T13:40:43.467Z" },
    { url = "https://files.pythonhosted.org/packages/c0/a1/87340e5a38003ef3591fdfc4b911fb32531b0dbbed8ab2431006858590fe/pymongo-4.14.0-cp313-cp313t-manylinux_2_5_i686.manylinux1_i686.manylinux_2_17_i686.manylinux2014_i686.whl", hash = "sha256:5fe93676afe37794f01b8df5cf16528dce4d7d174cdf51ea1586c234eb5263c2", size = 2221380, upload-time = "2025-08-06T13:40:45.256Z" },
    { url = "https://files.pythonhosted.org/packages/0a/68/3970d18b0b58c4681598bc1e233f33c15ff0c388422b17ddd195e214f35d/pymongo-4.14.0-cp313-cp313t-win32.whl", hash = "sha256:1462fc2bb39527f01eea5378172b66c45d62e22fa4be957afe2ec747c4d2ff51", size = 980892, upload-time = "2025-08-06T13:40:46.908Z" },
    { url = "https://files.pythonhosted.org/packages/2d/fa/68b1555e62ed3ee87f8a2de99d5fb840cf045748da4488870b4dced44a95/pymongo-4.14.0-cp313-cp313t-win_amd64.whl", hash = "sha256:e506af9b25aac77cc5c5ea4a72f81764e4f5ea90ca799aac43d665ab269f291d", size = 1011181, upload-time = "2025-08-06T13:40:48.641Z" },
    { url = "https://files.pythonhosted.org/packages/4a/b6/fb29b6ab1fb12d2bc6435ffab0ab7c95fe1d52ada3797e87ddd8e0ba2e6e/pymongo-4.14.0-cp39-cp39-macosx_10_9_x86_64.whl", hash = "sha256:66c70cea48a6d8eba16f7435033fe3f948335132f807a85e9d861f908ea43fe7", size = 750399, upload-time = "2025-08-06T13:40:50.519Z" },
    { url = "https://files.pythonhosted.org/packages/84/ce/daf59afd756818dec80fdc0e7b79290c7545c4b4411f5b6892e4f2923453/pymongo-4.14.0-cp39-cp39-macosx_11_0_arm64.whl", hash = "sha256:f8874b1ac78b204a3df69351b3c594971be91dba80f7a9189b95097595601223", size = 750686, upload-time = "2025-08-06T13:40:52.385Z" },
    { url = "https://files.pythonhosted.org/packages/3c/4c/d6391a88de125323c359d10356337b40e3ee12e98e9aedbcf1be625d1a3b/pymongo-4.14.0-cp39-cp39-manylinux_2_17_aarch64.manylinux2014_aarch64.whl", hash = "sha256:34e1a670892b0435456bbc068e244c71ae3dc0994f7abdf5a0b06db73e32dd86", size = 938343, upload-time = "2025-08-06T13:40:53.855Z" },
    { url = "https://files.pythonhosted.org/packages/2d/5c/0860f7d3959b6d9d02f7f89138417401a3441ec12eda367f5375baada030/pymongo-4.14.0-cp39-cp39-manylinux_2_17_ppc64le.manylinux2014_ppc64le.whl", hash = "sha256:e08f4dcd8f23f7ea2c9ae1bb5a043d9b77dfbf03fc489b7e1de91422b0c4772a", size = 955685, upload-time = "2025-08-06T13:40:55.426Z" },
    { url = "https://files.pythonhosted.org/packages/19/ae/996575516340c8398fae701149f4589a2fe9be0220ca6553e174895d209b/pymongo-4.14.0-cp39-cp39-manylinux_2_17_s390x.manylinux2014_s390x.whl", hash = "sha256:1914e06a443db7e32ddb992050983910bd6861e690200005d7eb1418ad2dc4be", size = 947351, upload-time = "2025-08-06T13:40:57.019Z" },
    { url = "https://files.pythonhosted.org/packages/b3/4a/30804b6303e584c86baaee95e021439de1d56233d6506364b908cfcfea4d/pymongo-4.14.0-cp39-cp39-manylinux_2_17_x86_64.manylinux2014_x86_64.whl", hash = "sha256:71a6915825716edc65239b5658b7de6a09af5d30517706122df66579ddba9349", size = 940243, upload-time = "2025-08-06T13:40:58.631Z" },
    { url = "https://files.pythonhosted.org/packages/4f/1d/3f839a02d94a057102bc3073e6f3811d10ea46879e56f3eccf504db256a9/pymongo-4.14.0-cp39-cp39-manylinux_2_5_i686.manylinux1_i686.manylinux_2_17_i686.manylinux2014_i686.whl", hash = "sha256:2fa071c00fd5556b79c0d94d95b2b778d70ff4ea701aeecb63dd5353d7e025f7", size = 929904, upload-time = "2025-08-06T13:41:00.119Z" },
    { url = "https://files.pythonhosted.org/packages/e7/c5/a032c492fc2e4bc62b363e2749bd7451cd3053136496844c237c03c5febd/pymongo-4.14.0-cp39-cp39-manylinux_2_5_i686.manylinux1_i686.whl", hash = "sha256:f51b4885ed197a874272f1bff99d15d0c1f35c665d86b9a2a6572a10246af974", size = 913179, upload-time = "2025-08-06T13:41:01.666Z" },
    { url = "https://files.pythonhosted.org/packages/96/c6/6fa2f5b3ef1d6111ffea550c553813fb45de442d5f8c1213d11b2955c8c6/pymongo-4.14.0-cp39-cp39-manylinux_2_5_x86_64.manylinux1_x86_64.whl", hash = "sha256:7698c8cf749988b7fd259ea65a5fcd409ebde1c6bc1bf75ab7fadbfbd154a3a4", size = 939587, upload-time = "2025-08-06T13:41:03.257Z" },
    { url = "https://files.pythonhosted.org/packages/60/8a/65263b43dde17f343d9e387da3d42c3beb52615e1e1efeaf38027e2ab15d/pymongo-4.14.0-cp39-cp39-win32.whl", hash = "sha256:85d8d145e06916db46b1e25f39b5361fdf62d58e127b1b1652a0df4ea8081b2f", size = 745836, upload-time = "2025-08-06T13:41:06.264Z" },
    { url = "https://files.pythonhosted.org/packages/cc/dd/6f37bb486e7b441788722587cafcb29822f1de62863bef6eb07629c7d457/pymongo-4.14.0-cp39-cp39-win_amd64.whl", hash = "sha256:ee0e677b2139c5b560b63d745a5f26d2e985f624848132deb366c6d3322836bb", size = 750683, upload-time = "2025-08-06T13:41:07.814Z" },
]

[[package]]
name = "requests"
version = "2.32.4"
source = { registry = "https://pypi.org/simple" }
dependencies = [
    { name = "certifi" },
    { name = "charset-normalizer" },
    { name = "idna" },
    { name = "urllib3" },
]
sdist = { url = "https://files.pythonhosted.org/packages/e1/0a/929373653770d8a0d7ea76c37de6e41f11eb07559b103b1c02cafb3f7cf8/requests-2.32.4.tar.gz", hash = "sha256:27d0316682c8a29834d3264820024b62a36942083d52caf2f14c0591336d3422", size = 135258, upload-time = "2025-06-09T16:43:07.34Z" }
wheels = [
    { url = "https://files.pythonhosted.org/packages/7c/e4/56027c4a6b4ae70ca9de302488c5ca95ad4a39e190093d6c1a8ace08341b/requests-2.32.4-py3-none-any.whl", hash = "sha256:27babd3cda2a6d50b30443204ee89830707d396671944c998b5975b031ac2b2c", size = 64847, upload-time = "2025-06-09T16:43:05.728Z" },
]

[[package]]
name = "urllib3"
version = "2.5.0"
source = { registry = "https://pypi.org/simple" }
sdist = { url = "https://files.pythonhosted.org/packages/15/22/9ee70a2574a4f4599c47dd506532914ce044817c7752a79b6a51286319bc/urllib3-2.5.0.tar.gz", hash = "sha256:3fc47733c7e419d4bc3f6b3dc2b4f890bb743906a30d56ba4a5bfa4bbff92760", size = 393185, upload-time = "2025-06-18T14:07:41.644Z" }
wheels = [
    { url = "https://files.pythonhosted.org/packages/a7/c2/fe1e52489ae3122415c51f387e221dd0773709bad6c6cdaa599e8a2c5185/urllib3-2.5.0-py3-none-any.whl", hash = "sha256:e6b01673c0fa6a13e374b50871808eb3bf7046c4b125b216f6bf1cc604cff0dc", size = 129795, upload-time = "2025-06-18T14:07:40.39Z" },
]
